// !$*UTF8*$!
{
	archiveVersion = 1;
	classes = {
	};
	objectVersion = 56;
	objects = {

/* Begin PBXBuildFile section */
		161A4B692AA6275B0021877F /* assests.xcassets in Resources */ = {isa = PBXBuildFile; fileRef = 161A4B682AA6275B0021877F /* assests.xcassets */; };
		161A4B6B2AA6283B0021877F /* SeeAllViewController.swift in Sources */ = {isa = PBXBuildFile; fileRef = 161A4B6A2AA6283B0021877F /* SeeAllViewController.swift */; };
		161A4B6D2AA6285D0021877F /* SeeAllTrendingCell.swift in Sources */ = {isa = PBXBuildFile; fileRef = 161A4B6C2AA6285D0021877F /* SeeAllTrendingCell.swift */; };
		161A4B742AA628760021877F /* UIFont + Extension.swift in Sources */ = {isa = PBXBuildFile; fileRef = 161A4B6E2AA628760021877F /* UIFont + Extension.swift */; };
		161A4B752AA628760021877F /* UILabel+Extension.swift in Sources */ = {isa = PBXBuildFile; fileRef = 161A4B6F2AA628760021877F /* UILabel+Extension.swift */; };
		161A4B762AA628760021877F /* UIColor+Extension.swift in Sources */ = {isa = PBXBuildFile; fileRef = 161A4B702AA628760021877F /* UIColor+Extension.swift */; };
		161A4B772AA628760021877F /* UIViewController+Utils.swift in Sources */ = {isa = PBXBuildFile; fileRef = 161A4B712AA628760021877F /* UIViewController+Utils.swift */; };
		161A4B782AA628760021877F /* UIStack + Extension.swift in Sources */ = {isa = PBXBuildFile; fileRef = 161A4B722AA628760021877F /* UIStack + Extension.swift */; };
		161A4B792AA628760021877F /* Theme.swift in Sources */ = {isa = PBXBuildFile; fileRef = 161A4B732AA628760021877F /* Theme.swift */; };
		1695648E2AA385AD00A9F79C /* AppDelegate.swift in Sources */ = {isa = PBXBuildFile; fileRef = 1695648D2AA385AD00A9F79C /* AppDelegate.swift */; };
		169564902AA385AD00A9F79C /* SceneDelegate.swift in Sources */ = {isa = PBXBuildFile; fileRef = 1695648F2AA385AD00A9F79C /* SceneDelegate.swift */; };
		169564922AA385AD00A9F79C /* ViewController.swift in Sources */ = {isa = PBXBuildFile; fileRef = 169564912AA385AD00A9F79C /* ViewController.swift */; };
		169564952AA385AD00A9F79C /* Main.storyboard in Resources */ = {isa = PBXBuildFile; fileRef = 169564932AA385AD00A9F79C /* Main.storyboard */; };
		1695649A2AA385AF00A9F79C /* LaunchScreen.storyboard in Resources */ = {isa = PBXBuildFile; fileRef = 169564982AA385AF00A9F79C /* LaunchScreen.storyboard */; };
		169564A22AA385C400A9F79C /* CookData.swift in Sources */ = {isa = PBXBuildFile; fileRef = 169564A12AA385C400A9F79C /* CookData.swift */; };
		16C5B6642AA4829C00E861DC /* SnapKit in Frameworks */ = {isa = PBXBuildFile; productRef = 16C5B6632AA4829C00E861DC /* SnapKit */; };
		16C5B6802AA4855500E861DC /* ApiManager.swift in Sources */ = {isa = PBXBuildFile; fileRef = 16C5B67F2AA4855500E861DC /* ApiManager.swift */; };
		16C5B6852AA49D2E00E861DC /* SDWebImage in Frameworks */ = {isa = PBXBuildFile; productRef = 16C5B6842AA49D2E00E861DC /* SDWebImage */; };
/* End PBXBuildFile section */

/* Begin PBXFileReference section */
		161A4B682AA6275B0021877F /* assests.xcassets */ = {isa = PBXFileReference; lastKnownFileType = folder.assetcatalog; path = assests.xcassets; sourceTree = "<group>"; };
		161A4B6A2AA6283B0021877F /* SeeAllViewController.swift */ = {isa = PBXFileReference; fileEncoding = 4; lastKnownFileType = sourcecode.swift; path = SeeAllViewController.swift; sourceTree = "<group>"; };
		161A4B6C2AA6285D0021877F /* SeeAllTrendingCell.swift */ = {isa = PBXFileReference; fileEncoding = 4; lastKnownFileType = sourcecode.swift; path = SeeAllTrendingCell.swift; sourceTree = "<group>"; };
		161A4B6E2AA628760021877F /* UIFont + Extension.swift */ = {isa = PBXFileReference; fileEncoding = 4; lastKnownFileType = sourcecode.swift; name = "UIFont + Extension.swift"; path = "TestApi/Constant/UIFont + Extension.swift"; sourceTree = SOURCE_ROOT; };
		161A4B6F2AA628760021877F /* UILabel+Extension.swift */ = {isa = PBXFileReference; fileEncoding = 4; lastKnownFileType = sourcecode.swift; name = "UILabel+Extension.swift"; path = "TestApi/Constant/UILabel+Extension.swift"; sourceTree = SOURCE_ROOT; };
		161A4B702AA628760021877F /* UIColor+Extension.swift */ = {isa = PBXFileReference; fileEncoding = 4; lastKnownFileType = sourcecode.swift; name = "UIColor+Extension.swift"; path = "TestApi/Constant/UIColor+Extension.swift"; sourceTree = SOURCE_ROOT; };
		161A4B712AA628760021877F /* UIViewController+Utils.swift */ = {isa = PBXFileReference; fileEncoding = 4; lastKnownFileType = sourcecode.swift; name = "UIViewController+Utils.swift"; path = "TestApi/Constant/UIViewController+Utils.swift"; sourceTree = SOURCE_ROOT; };
		161A4B722AA628760021877F /* UIStack + Extension.swift */ = {isa = PBXFileReference; fileEncoding = 4; lastKnownFileType = sourcecode.swift; name = "UIStack + Extension.swift"; path = "TestApi/Constant/UIStack + Extension.swift"; sourceTree = SOURCE_ROOT; };
		161A4B732AA628760021877F /* Theme.swift */ = {isa = PBXFileReference; fileEncoding = 4; lastKnownFileType = sourcecode.swift; name = Theme.swift; path = TestApi/Constant/Theme.swift; sourceTree = SOURCE_ROOT; };
		1695648A2AA385AD00A9F79C /* TestApi.app */ = {isa = PBXFileReference; explicitFileType = wrapper.application; includeInIndex = 0; path = TestApi.app; sourceTree = BUILT_PRODUCTS_DIR; };
		1695648D2AA385AD00A9F79C /* AppDelegate.swift */ = {isa = PBXFileReference; lastKnownFileType = sourcecode.swift; path = AppDelegate.swift; sourceTree = "<group>"; };
		1695648F2AA385AD00A9F79C /* SceneDelegate.swift */ = {isa = PBXFileReference; lastKnownFileType = sourcecode.swift; path = SceneDelegate.swift; sourceTree = "<group>"; };
		169564912AA385AD00A9F79C /* ViewController.swift */ = {isa = PBXFileReference; lastKnownFileType = sourcecode.swift; path = ViewController.swift; sourceTree = "<group>"; };
		169564942AA385AD00A9F79C /* Base */ = {isa = PBXFileReference; lastKnownFileType = file.storyboard; name = Base; path = Base.lproj/Main.storyboard; sourceTree = "<group>"; };
		169564992AA385AF00A9F79C /* Base */ = {isa = PBXFileReference; lastKnownFileType = file.storyboard; name = Base; path = Base.lproj/LaunchScreen.storyboard; sourceTree = "<group>"; };
		1695649B2AA385AF00A9F79C /* Info.plist */ = {isa = PBXFileReference; lastKnownFileType = text.plist.xml; path = Info.plist; sourceTree = "<group>"; };
		169564A12AA385C400A9F79C /* CookData.swift */ = {isa = PBXFileReference; lastKnownFileType = sourcecode.swift; path = CookData.swift; sourceTree = "<group>"; };
		16C5B67F2AA4855500E861DC /* ApiManager.swift */ = {isa = PBXFileReference; lastKnownFileType = sourcecode.swift; path = ApiManager.swift; sourceTree = "<group>"; };
/* End PBXFileReference section */

/* Begin PBXFrameworksBuildPhase section */
		169564872AA385AD00A9F79C /* Frameworks */ = {
			isa = PBXFrameworksBuildPhase;
			buildActionMask = 2147483647;
			files = (
				16C5B6852AA49D2E00E861DC /* SDWebImage in Frameworks */,
				16C5B6642AA4829C00E861DC /* SnapKit in Frameworks */,
			);
			runOnlyForDeploymentPostprocessing = 0;
		};
/* End PBXFrameworksBuildPhase section */

/* Begin PBXGroup section */
		169564812AA385AD00A9F79C = {
			isa = PBXGroup;
			children = (
				1695648C2AA385AD00A9F79C /* TestApi */,
				1695648B2AA385AD00A9F79C /* Products */,
			);
			sourceTree = "<group>";
		};
		1695648B2AA385AD00A9F79C /* Products */ = {
			isa = PBXGroup;
			children = (
				1695648A2AA385AD00A9F79C /* TestApi.app */,
			);
			name = Products;
			sourceTree = "<group>";
		};
		1695648C2AA385AD00A9F79C /* TestApi */ = {
			isa = PBXGroup;
			children = (
				16C5B6702AA4842100E861DC /* App */,
				16C5B66D2AA483E400E861DC /* SeeAllVC */,
				16C5B6762AA4848F00E861DC /* Model */,
				16C5B6712AA4843500E861DC /* Constant */,
				1695649B2AA385AF00A9F79C /* Info.plist */,
				161A4B682AA6275B0021877F /* assests.xcassets */,
			);
			path = TestApi;
			sourceTree = "<group>";
		};
		16C5B66D2AA483E400E861DC /* SeeAllVC */ = {
			isa = PBXGroup;
			children = (
				16C5B66F2AA4840C00E861DC /* Controller */,
				16C5B66E2AA4840400E861DC /* Cell */,
			);
			path = SeeAllVC;
			sourceTree = "<group>";
		};
		16C5B66E2AA4840400E861DC /* Cell */ = {
			isa = PBXGroup;
			children = (
				161A4B6C2AA6285D0021877F /* SeeAllTrendingCell.swift */,
			);
			path = Cell;
			sourceTree = "<group>";
		};
		16C5B66F2AA4840C00E861DC /* Controller */ = {
			isa = PBXGroup;
			children = (
				161A4B6A2AA6283B0021877F /* SeeAllViewController.swift */,
			);
			path = Controller;
			sourceTree = "<group>";
		};
		16C5B6702AA4842100E861DC /* App */ = {
			isa = PBXGroup;
			children = (
				1695648D2AA385AD00A9F79C /* AppDelegate.swift */,
				1695648F2AA385AD00A9F79C /* SceneDelegate.swift */,
				169564912AA385AD00A9F79C /* ViewController.swift */,
				169564932AA385AD00A9F79C /* Main.storyboard */,
				169564982AA385AF00A9F79C /* LaunchScreen.storyboard */,
			);
			path = App;
			sourceTree = "<group>";
		};
		16C5B6712AA4843500E861DC /* Constant */ = {
			isa = PBXGroup;
			children = (
				161A4B732AA628760021877F /* Theme.swift */,
				161A4B702AA628760021877F /* UIColor+Extension.swift */,
				161A4B6E2AA628760021877F /* UIFont + Extension.swift */,
				161A4B6F2AA628760021877F /* UILabel+Extension.swift */,
				161A4B722AA628760021877F /* UIStack + Extension.swift */,
				161A4B712AA628760021877F /* UIViewController+Utils.swift */,
			);
			path = Constant;
			sourceTree = "<group>";
		};
		16C5B6762AA4848F00E861DC /* Model */ = {
			isa = PBXGroup;
			children = (
				169564A12AA385C400A9F79C /* CookData.swift */,
				16C5B67F2AA4855500E861DC /* ApiManager.swift */,
			);
			path = Model;
			sourceTree = "<group>";
		};
/* End PBXGroup section */

/* Begin PBXNativeTarget section */
		169564892AA385AD00A9F79C /* TestApi */ = {
			isa = PBXNativeTarget;
			buildConfigurationList = 1695649E2AA385AF00A9F79C /* Build configuration list for PBXNativeTarget "TestApi" */;
			buildPhases = (
				169564862AA385AD00A9F79C /* Sources */,
				169564872AA385AD00A9F79C /* Frameworks */,
				169564882AA385AD00A9F79C /* Resources */,
			);
			buildRules = (
			);
			dependencies = (
			);
			name = TestApi;
			packageProductDependencies = (
				16C5B6632AA4829C00E861DC /* SnapKit */,
				16C5B6842AA49D2E00E861DC /* SDWebImage */,
			);
			productName = TestApi;
			productReference = 1695648A2AA385AD00A9F79C /* TestApi.app */;
			productType = "com.apple.product-type.application";
		};
/* End PBXNativeTarget section */

/* Begin PBXProject section */
		169564822AA385AD00A9F79C /* Project object */ = {
			isa = PBXProject;
			attributes = {
				BuildIndependentTargetsInParallel = 1;
				LastSwiftUpdateCheck = 1430;
				LastUpgradeCheck = 1430;
				TargetAttributes = {
					169564892AA385AD00A9F79C = {
						CreatedOnToolsVersion = 14.3.1;
					};
				};
			};
			buildConfigurationList = 169564852AA385AD00A9F79C /* Build configuration list for PBXProject "TestApi" */;
			compatibilityVersion = "Xcode 14.0";
			developmentRegion = en;
			hasScannedForEncodings = 0;
			knownRegions = (
				en,
				Base,
			);
			mainGroup = 169564812AA385AD00A9F79C;
			packageReferences = (
				16C5B6622AA4829C00E861DC /* XCRemoteSwiftPackageReference "SnapKit" */,
				16C5B6832AA49D2E00E861DC /* XCRemoteSwiftPackageReference "SDWebImage" */,
			);
			productRefGroup = 1695648B2AA385AD00A9F79C /* Products */;
			projectDirPath = "";
			projectRoot = "";
			targets = (
				169564892AA385AD00A9F79C /* TestApi */,
			);
		};
/* End PBXProject section */

/* Begin PBXResourcesBuildPhase section */
		169564882AA385AD00A9F79C /* Resources */ = {
			isa = PBXResourcesBuildPhase;
			buildActionMask = 2147483647;
			files = (
				161A4B692AA6275B0021877F /* assests.xcassets in Resources */,
				1695649A2AA385AF00A9F79C /* LaunchScreen.storyboard in Resources */,
				169564952AA385AD00A9F79C /* Main.storyboard in Resources */,
			);
			runOnlyForDeploymentPostprocessing = 0;
		};
/* End PBXResourcesBuildPhase section */

/* Begin PBXSourcesBuildPhase section */
		169564862AA385AD00A9F79C /* Sources */ = {
			isa = PBXSourcesBuildPhase;
			buildActionMask = 2147483647;
			files = (
				161A4B742AA628760021877F /* UIFont + Extension.swift in Sources */,
				169564922AA385AD00A9F79C /* ViewController.swift in Sources */,
				1695648E2AA385AD00A9F79C /* AppDelegate.swift in Sources */,
				169564902AA385AD00A9F79C /* SceneDelegate.swift in Sources */,
				161A4B792AA628760021877F /* Theme.swift in Sources */,
				161A4B6B2AA6283B0021877F /* SeeAllViewController.swift in Sources */,
				16C5B6802AA4855500E861DC /* ApiManager.swift in Sources */,
				161A4B772AA628760021877F /* UIViewController+Utils.swift in Sources */,
				169564A22AA385C400A9F79C /* CookData.swift in Sources */,
				161A4B782AA628760021877F /* UIStack + Extension.swift in Sources */,
				161A4B6D2AA6285D0021877F /* SeeAllTrendingCell.swift in Sources */,
				161A4B752AA628760021877F /* UILabel+Extension.swift in Sources */,
				161A4B762AA628760021877F /* UIColor+Extension.swift in Sources */,
			);
			runOnlyForDeploymentPostprocessing = 0;
		};
/* End PBXSourcesBuildPhase section */

/* Begin PBXVariantGroup section */
		169564932AA385AD00A9F79C /* Main.storyboard */ = {
			isa = PBXVariantGroup;
			children = (
				169564942AA385AD00A9F79C /* Base */,
			);
			name = Main.storyboard;
			sourceTree = "<group>";
		};
		169564982AA385AF00A9F79C /* LaunchScreen.storyboard */ = {
			isa = PBXVariantGroup;
			children = (
				169564992AA385AF00A9F79C /* Base */,
			);
			name = LaunchScreen.storyboard;
			sourceTree = "<group>";
		};
/* End PBXVariantGroup section */

/* Begin XCBuildConfiguration section */
		1695649C2AA385AF00A9F79C /* Debug */ = {
			isa = XCBuildConfiguration;
			buildSettings = {
				ALWAYS_SEARCH_USER_PATHS = NO;
				CLANG_ANALYZER_NONNULL = YES;
				CLANG_ANALYZER_NUMBER_OBJECT_CONVERSION = YES_AGGRESSIVE;
				CLANG_CXX_LANGUAGE_STANDARD = "gnu++20";
				CLANG_ENABLE_MODULES = YES;
				CLANG_ENABLE_OBJC_ARC = YES;
				CLANG_ENABLE_OBJC_WEAK = YES;
				CLANG_WARN_BLOCK_CAPTURE_AUTORELEASING = YES;
				CLANG_WARN_BOOL_CONVERSION = YES;
				CLANG_WARN_COMMA = YES;
				CLANG_WARN_CONSTANT_CONVERSION = YES;
				CLANG_WARN_DEPRECATED_OBJC_IMPLEMENTATIONS = YES;
				CLANG_WARN_DIRECT_OBJC_ISA_USAGE = YES_ERROR;
				CLANG_WARN_DOCUMENTATION_COMMENTS = YES;
				CLANG_WARN_EMPTY_BODY = YES;
				CLANG_WARN_ENUM_CONVERSION = YES;
				CLANG_WARN_INFINITE_RECURSION = YES;
				CLANG_WARN_INT_CONVERSION = YES;
				CLANG_WARN_NON_LITERAL_NULL_CONVERSION = YES;
				CLANG_WARN_OBJC_IMPLICIT_RETAIN_SELF = YES;
				CLANG_WARN_OBJC_LITERAL_CONVERSION = YES;
				CLANG_WARN_OBJC_ROOT_CLASS = YES_ERROR;
				CLANG_WARN_QUOTED_INCLUDE_IN_FRAMEWORK_HEADER = YES;
				CLANG_WARN_RANGE_LOOP_ANALYSIS = YES;
				CLANG_WARN_STRICT_PROTOTYPES = YES;
				CLANG_WARN_SUSPICIOUS_MOVE = YES;
				CLANG_WARN_UNGUARDED_AVAILABILITY = YES_AGGRESSIVE;
				CLANG_WARN_UNREACHABLE_CODE = YES;
				CLANG_WARN__DUPLICATE_METHOD_MATCH = YES;
				COPY_PHASE_STRIP = NO;
				DEBUG_INFORMATION_FORMAT = dwarf;
				ENABLE_STRICT_OBJC_MSGSEND = YES;
				ENABLE_TESTABILITY = YES;
				GCC_C_LANGUAGE_STANDARD = gnu11;
				GCC_DYNAMIC_NO_PIC = NO;
				GCC_NO_COMMON_BLOCKS = YES;
				GCC_OPTIMIZATION_LEVEL = 0;
				GCC_PREPROCESSOR_DEFINITIONS = (
					"DEBUG=1",
					"$(inherited)",
				);
				GCC_WARN_64_TO_32_BIT_CONVERSION = YES;
				GCC_WARN_ABOUT_RETURN_TYPE = YES_ERROR;
				GCC_WARN_UNDECLARED_SELECTOR = YES;
				GCC_WARN_UNINITIALIZED_AUTOS = YES_AGGRESSIVE;
				GCC_WARN_UNUSED_FUNCTION = YES;
				GCC_WARN_UNUSED_VARIABLE = YES;
				IPHONEOS_DEPLOYMENT_TARGET = 16.4;
				MTL_ENABLE_DEBUG_INFO = INCLUDE_SOURCE;
				MTL_FAST_MATH = YES;
				ONLY_ACTIVE_ARCH = YES;
				SDKROOT = iphoneos;
				SWIFT_ACTIVE_COMPILATION_CONDITIONS = DEBUG;
				SWIFT_OPTIMIZATION_LEVEL = "-Onone";
			};
			name = Debug;
		};
		1695649D2AA385AF00A9F79C /* Release */ = {
			isa = XCBuildConfiguration;
			buildSettings = {
				ALWAYS_SEARCH_USER_PATHS = NO;
				CLANG_ANALYZER_NONNULL = YES;
				CLANG_ANALYZER_NUMBER_OBJECT_CONVERSION = YES_AGGRESSIVE;
				CLANG_CXX_LANGUAGE_STANDARD = "gnu++20";
				CLANG_ENABLE_MODULES = YES;
				CLANG_ENABLE_OBJC_ARC = YES;
				CLANG_ENABLE_OBJC_WEAK = YES;
				CLANG_WARN_BLOCK_CAPTURE_AUTORELEASING = YES;
				CLANG_WARN_BOOL_CONVERSION = YES;
				CLANG_WARN_COMMA = YES;
				CLANG_WARN_CONSTANT_CONVERSION = YES;
				CLANG_WARN_DEPRECATED_OBJC_IMPLEMENTATIONS = YES;
				CLANG_WARN_DIRECT_OBJC_ISA_USAGE = YES_ERROR;
				CLANG_WARN_DOCUMENTATION_COMMENTS = YES;
				CLANG_WARN_EMPTY_BODY = YES;
				CLANG_WARN_ENUM_CONVERSION = YES;
				CLANG_WARN_INFINITE_RECURSION = YES;
				CLANG_WARN_INT_CONVERSION = YES;
				CLANG_WARN_NON_LITERAL_NULL_CONVERSION = YES;
				CLANG_WARN_OBJC_IMPLICIT_RETAIN_SELF = YES;
				CLANG_WARN_OBJC_LITERAL_CONVERSION = YES;
				CLANG_WARN_OBJC_ROOT_CLASS = YES_ERROR;
				CLANG_WARN_QUOTED_INCLUDE_IN_FRAMEWORK_HEADER = YES;
				CLANG_WARN_RANGE_LOOP_ANALYSIS = YES;
				CLANG_WARN_STRICT_PROTOTYPES = YES;
				CLANG_WARN_SUSPICIOUS_MOVE = YES;
				CLANG_WARN_UNGUARDED_AVAILABILITY = YES_AGGRESSIVE;
				CLANG_WARN_UNREACHABLE_CODE = YES;
				CLANG_WARN__DUPLICATE_METHOD_MATCH = YES;
				COPY_PHASE_STRIP = NO;
				DEBUG_INFORMATION_FORMAT = "dwarf-with-dsym";
				ENABLE_NS_ASSERTIONS = NO;
				ENABLE_STRICT_OBJC_MSGSEND = YES;
				GCC_C_LANGUAGE_STANDARD = gnu11;
				GCC_NO_COMMON_BLOCKS = YES;
				GCC_WARN_64_TO_32_BIT_CONVERSION = YES;
				GCC_WARN_ABOUT_RETURN_TYPE = YES_ERROR;
				GCC_WARN_UNDECLARED_SELECTOR = YES;
				GCC_WARN_UNINITIALIZED_AUTOS = YES_AGGRESSIVE;
				GCC_WARN_UNUSED_FUNCTION = YES;
				GCC_WARN_UNUSED_VARIABLE = YES;
				IPHONEOS_DEPLOYMENT_TARGET = 16.4;
				MTL_ENABLE_DEBUG_INFO = NO;
				MTL_FAST_MATH = YES;
				SDKROOT = iphoneos;
				SWIFT_COMPILATION_MODE = wholemodule;
				SWIFT_OPTIMIZATION_LEVEL = "-O";
				VALIDATE_PRODUCT = YES;
			};
			name = Release;
		};
		1695649F2AA385AF00A9F79C /* Debug */ = {
			isa = XCBuildConfiguration;
			buildSettings = {
				ASSETCATALOG_COMPILER_APPICON_NAME = AppIcon;
				ASSETCATALOG_COMPILER_GLOBAL_ACCENT_COLOR_NAME = AccentColor;
				CODE_SIGN_STYLE = Automatic;
				CURRENT_PROJECT_VERSION = 1;
				DEVELOPMENT_TEAM = W9HWC54SK4;
				GENERATE_INFOPLIST_FILE = YES;
				INFOPLIST_FILE = TestApi/Info.plist;
				INFOPLIST_KEY_UIApplicationSupportsIndirectInputEvents = YES;
				INFOPLIST_KEY_UILaunchStoryboardName = LaunchScreen;
				INFOPLIST_KEY_UIMainStoryboardFile = Main;
				INFOPLIST_KEY_UISupportedInterfaceOrientations_iPad = "UIInterfaceOrientationPortrait UIInterfaceOrientationPortraitUpsideDown UIInterfaceOrientationLandscapeLeft UIInterfaceOrientationLandscapeRight";
				INFOPLIST_KEY_UISupportedInterfaceOrientations_iPhone = "UIInterfaceOrientationPortrait UIInterfaceOrientationLandscapeLeft UIInterfaceOrientationLandscapeRight";
				LD_RUNPATH_SEARCH_PATHS = (
					"$(inherited)",
					"@executable_path/Frameworks",
				);
				MARKETING_VERSION = 1.0;
				PRODUCT_BUNDLE_IDENTIFIER = com.IslamCrew.TestApi;
				PRODUCT_NAME = "$(TARGET_NAME)";
				SWIFT_EMIT_LOC_STRINGS = YES;
				SWIFT_VERSION = 5.0;
				TARGETED_DEVICE_FAMILY = "1,2";
			};
			name = Debug;
		};
		169564A02AA385AF00A9F79C /* Release */ = {
			isa = XCBuildConfiguration;
			buildSettings = {
				ASSETCATALOG_COMPILER_APPICON_NAME = AppIcon;
				ASSETCATALOG_COMPILER_GLOBAL_ACCENT_COLOR_NAME = AccentColor;
				CODE_SIGN_STYLE = Automatic;
				CURRENT_PROJECT_VERSION = 1;
				DEVELOPMENT_TEAM = W9HWC54SK4;
				GENERATE_INFOPLIST_FILE = YES;
				INFOPLIST_FILE = TestApi/Info.plist;
				INFOPLIST_KEY_UIApplicationSupportsIndirectInputEvents = YES;
				INFOPLIST_KEY_UILaunchStoryboardName = LaunchScreen;
				INFOPLIST_KEY_UIMainStoryboardFile = Main;
				INFOPLIST_KEY_UISupportedInterfaceOrientations_iPad = "UIInterfaceOrientationPortrait UIInterfaceOrientationPortraitUpsideDown UIInterfaceOrientationLandscapeLeft UIInterfaceOrientationLandscapeRight";
				INFOPLIST_KEY_UISupportedInterfaceOrientations_iPhone = "UIInterfaceOrientationPortrait UIInterfaceOrientationLandscapeLeft UIInterfaceOrientationLandscapeRight";
				LD_RUNPATH_SEARCH_PATHS = (
					"$(inherited)",
					"@executable_path/Frameworks",
				);
				MARKETING_VERSION = 1.0;
				PRODUCT_BUNDLE_IDENTIFIER = com.IslamCrew.TestApi;
				PRODUCT_NAME = "$(TARGET_NAME)";
				SWIFT_EMIT_LOC_STRINGS = YES;
				SWIFT_VERSION = 5.0;
				TARGETED_DEVICE_FAMILY = "1,2";
			};
			name = Release;
		};
/* End XCBuildConfiguration section */

/* Begin XCConfigurationList section */
		169564852AA385AD00A9F79C /* Build configuration list for PBXProject "TestApi" */ = {
			isa = XCConfigurationList;
			buildConfigurations = (
				1695649C2AA385AF00A9F79C /* Debug */,
				1695649D2AA385AF00A9F79C /* Release */,
			);
			defaultConfigurationIsVisible = 0;
			defaultConfigurationName = Release;
		};
		1695649E2AA385AF00A9F79C /* Build configuration list for PBXNativeTarget "TestApi" */ = {
			isa = XCConfigurationList;
			buildConfigurations = (
				1695649F2AA385AF00A9F79C /* Debug */,
				169564A02AA385AF00A9F79C /* Release */,
			);
			defaultConfigurationIsVisible = 0;
			defaultConfigurationName = Release;
		};
/* End XCConfigurationList section */

/* Begin XCRemoteSwiftPackageReference section */
		16C5B6622AA4829C00E861DC /* XCRemoteSwiftPackageReference "SnapKit" */ = {
			isa = XCRemoteSwiftPackageReference;
			repositoryURL = "https://github.com/SnapKit/SnapKit.git";
			requirement = {
				kind = upToNextMajorVersion;
				minimumVersion = 5.0.0;
			};
		};
		16C5B6832AA49D2E00E861DC /* XCRemoteSwiftPackageReference "SDWebImage" */ = {
			isa = XCRemoteSwiftPackageReference;
			repositoryURL = "https://github.com/SDWebImage/SDWebImage.git";
			requirement = {
				kind = upToNextMajorVersion;
				minimumVersion = 5.0.0;
			};
		};
/* End XCRemoteSwiftPackageReference section */

/* Begin XCSwiftPackageProductDependency section */
		16C5B6632AA4829C00E861DC /* SnapKit */ = {
			isa = XCSwiftPackageProductDependency;
			package = 16C5B6622AA4829C00E861DC /* XCRemoteSwiftPackageReference "SnapKit" */;
			productName = SnapKit;
		};
		16C5B6842AA49D2E00E861DC /* SDWebImage */ = {
			isa = XCSwiftPackageProductDependency;
			package = 16C5B6832AA49D2E00E861DC /* XCRemoteSwiftPackageReference "SDWebImage" */;
			productName = SDWebImage;
		};
/* End XCSwiftPackageProductDependency section */
	};
	rootObject = 169564822AA385AD00A9F79C /* Project object */;
}
